// !$*UTF8*$!
{
	archiveVersion = 1;
	classes = {
	};
	objectVersion = 77;
	objects = {

/* Begin PBXBuildFile section */
		04A8227E20B44E2A9BB27336 /* StudyAI/Views/QuestionArchiveView.swift in Sources */ = {isa = PBXBuildFile; fileRef = 4624BD01A8D5462385D269DE /* StudyAI/Views/QuestionArchiveView.swift */; };
		0B6A2DF7A9ED4CCEBEABDB0A /* StudyAI/Services/EnhancedTTSService.swift in Sources */ = {isa = PBXBuildFile; fileRef = 0AC15A890FCE4881A878DD17 /* StudyAI/Services/EnhancedTTSService.swift */; };
		17B3328E16B94A21AFE789F7 /* StudyAI/StudyAIApp.swift in Sources */ = {isa = PBXBuildFile; fileRef = 2372BC21FDF74404A73B6D30 /* StudyAI/StudyAIApp.swift */; };
		2F704A14D92440C2A18F02EC /* StudyAI/Views/ZoomedRegionView.swift in Sources */ = {isa = PBXBuildFile; fileRef = 2575218B86324529B227C931 /* StudyAI/Views/ZoomedRegionView.swift */; };
		368449B00EC0466B89F7AFF6 /* StudyAI/Services/RailwayArchiveService.swift in Sources */ = {isa = PBXBuildFile; fileRef = E2A9A6742CCE4F3DB87AA7FD /* StudyAI/Services/RailwayArchiveService.swift */; };
		3A80D5B52F8146A1B97E0CC4 /* StudyAI/Services/MathRenderer.swift in Sources */ = {isa = PBXBuildFile; fileRef = CECFC862D6EF46829F4A05A3 /* StudyAI/Services/MathRenderer.swift */; };
		3CAC0FF7EDE94A0B9ACDC78F /* StudyAI/Services/AuthenticationService.swift in Sources */ = {isa = PBXBuildFile; fileRef = DBB6C78FB23E45A9AF19ECC9 /* StudyAI/Services/AuthenticationService.swift */; };
		CAB7C1BE421684B5D6EBB59 /* StudyAI/Services/CameraSessionManager.swift in Sources */ = {isa = PBXBuildFile; fileRef = CAS43139063DB4892D6DA7D /* StudyAI/Services/CameraSessionManager.swift */; };
		EIB7AB25DA9B4CE3E97F6F9 /* StudyAI/Services/EnhancedImageProcessor.swift in Sources */ = {isa = PBXBuildFile; fileRef = EIR3E31E87F78722E1F7AE5 /* StudyAI/Services/EnhancedImageProcessor.swift */; };
		41384D26DC5E427FA23BC317 /* StudyAI/Views/QuestionView.swift in Sources */ = {isa = PBXBuildFile; fileRef = 47128702183F4DCBB17F067E /* StudyAI/Views/QuestionView.swift */; };
		44D8DB9D1B4C4CFA8A59EB3D /* StudyAI/Views/HomeworkResultsView.swift in Sources */ = {isa = PBXBuildFile; fileRef = 4C75C2233B72490A8E27CDEB /* StudyAI/Views/HomeworkResultsView.swift */; };
		47661FA6102F43AE9462714A /* StudyAI/Models/HomeworkModels.swift in Sources */ = {isa = PBXBuildFile; fileRef = 06624CDF338947F0A3F8838D /* StudyAI/Models/HomeworkModels.swift */; };
		495A344A96B74E8DA4253A7F /* StudyAI/Services/QuestionArchiveService.swift in Sources */ = {isa = PBXBuildFile; fileRef = 0AB173EA95EE4D1FBEAED03D /* StudyAI/Services/QuestionArchiveService.swift */; };
		51E8895014244637989DCA32 /* StudyAI/Views/HomeView.swift in Sources */ = {isa = PBXBuildFile; fileRef = 3007D1E356704A0C864FBEED /* StudyAI/Views/HomeView.swift */; };
		2889F08A3B034FE5AC00739C /* StudyAI/Views/DirectAIHomeworkView.swift in Sources */ = {isa = PBXBuildFile; fileRef = 122549B3F87E417292C7874C /* StudyAI/Views/DirectAIHomeworkView.swift */; };
		5DD635C39794474298FD4766 /* StudyAI/Views/AIHomeworkTestView.swift in Sources */ = {isa = PBXBuildFile; fileRef = 1C5B92FDE0224FCA9F3A87CD /* StudyAI/Views/AIHomeworkTestView.swift */; };
		61B870B5050040DB9CEFA635 /* StudyAI/Services/ImageEnhancer.swift in Sources */ = {isa = PBXBuildFile; fileRef = E5DB8369296B47A1A5BC7BF1 /* StudyAI/Services/ImageEnhancer.swift */; };
		6AAA1280DC3B4E05B19E67B6 /* StudyAI/Models/VoiceModels.swift in Sources */ = {isa = PBXBuildFile; fileRef = 740D132F82A14ABAA94D79CC /* StudyAI/Models/VoiceModels.swift */; };
		6CBE355CB94942A4BCE01308 /* StudyAI/Services/ImageProcessingService.swift in Sources */ = {isa = PBXBuildFile; fileRef = 32BB536B35E943F1A8FB9571 /* StudyAI/Services/ImageProcessingService.swift */; };
		73BEB15D842A4FB3B7E6B147 /* StudyAI/Views/ImageCropView.swift in Sources */ = {isa = PBXBuildFile; fileRef = 84F4782308454D1A98C2741E /* StudyAI/Views/ImageCropView.swift */; };
		762793B2FEB2456CA1FFD512 /* StudyAI/Views/ScannedImageActionView.swift in Sources */ = {isa = PBXBuildFile; fileRef = A8B9760D87F648899A6633CB /* StudyAI/Views/ScannedImageActionView.swift */; };
		7BC00E6A2E714B68002DF625 /* GoogleSignIn in Frameworks */ = {isa = PBXBuildFile; productRef = 7BC00E692E714B68002DF625 /* GoogleSignIn */; };
		7BC00E6C2E714B68002DF625 /* GoogleSignInSwift in Frameworks */ = {isa = PBXBuildFile; productRef = 7BC00E6B2E714B68002DF625 /* GoogleSignInSwift */; };
		7BC00E6E2E714D67002DF625 /* GoogleService-Info.plist in Resources */ = {isa = PBXBuildFile; fileRef = 7BC00E6D2E714D67002DF625 /* GoogleService-Info.plist */; };
		7BC00E6F2E714D67002DF625 /* GoogleService-Info.plist in Resources */ = {isa = PBXBuildFile; fileRef = 7BC00E6D2E714D67002DF625 /* GoogleService-Info.plist */; };
		7BC00E702E714D67002DF625 /* GoogleService-Info.plist in Resources */ = {isa = PBXBuildFile; fileRef = 7BC00E6D2E714D67002DF625 /* GoogleService-Info.plist */; };
		7DCD4D51FBF64F74AEA6A5C3 /* StudyAI/Views/VoiceSettingsView.swift in Sources */ = {isa = PBXBuildFile; fileRef = 03DB96F217C9458693CF5BDA /* StudyAI/Views/VoiceSettingsView.swift */; };
		809124D3E9CF44C6A623DE31 /* StudyAI/ContentView.swift in Sources */ = {isa = PBXBuildFile; fileRef = 685F5AB0784E4EAEB6B58C7E /* StudyAI/ContentView.swift */; };
		8659331C2BF143DBB36C245F /* StudyAI/Services/EnhancedHomeworkParser.swift in Sources */ = {isa = PBXBuildFile; fileRef = C87EE23BC3FC415E8AFB5C0A /* StudyAI/Services/EnhancedHomeworkParser.swift */; };
		8F1EBFF4298743058E934595 /* StudyAI/Views/SessionHistoryView.swift in Sources */ = {isa = PBXBuildFile; fileRef = B3318992F2294A6DA7A14EB3 /* StudyAI/Views/SessionHistoryView.swift */; };
		9176ED5BC1F44B7AB46499C4 /* StudyAI/Views/NativeImageEditView.swift in Sources */ = {isa = PBXBuildFile; fileRef = 311043C016B54E4B8B6BA163 /* StudyAI/Views/NativeImageEditView.swift */; };
		9FF8A1F6F34E4BF786B5EAC3 /* StudyAI/Services/VoiceInteractionService.swift in Sources */ = {isa = PBXBuildFile; fileRef = EEAD0FA974974B559BA7B6B7 /* StudyAI/Services/VoiceInteractionService.swift */; };
		A6AAD8B3B1CF457696752650 /* StudyAI/Views/SessionDetailView.swift in Sources */ = {isa = PBXBuildFile; fileRef = E13D4A8943284F528CD3C3C1 /* StudyAI/Views/SessionDetailView.swift */; };
		A823C26E80984911960B4AA1 /* StudyAI/Views/ArchivedQuestionsView.swift in Sources */ = {isa = PBXBuildFile; fileRef = 27D08428900147788147829E /* StudyAI/Views/ArchivedQuestionsView.swift */; };
		B67097AEC09C4CA4B5C82F10 /* StudyAI/Services/TextToSpeechService.swift in Sources */ = {isa = PBXBuildFile; fileRef = 18BF91BCEE9B4980BC643CB2 /* StudyAI/Services/TextToSpeechService.swift */; };
		BBA36652115E4F419FE4EEEA /* StudyAI/Views/ProgressView.swift in Sources */ = {isa = PBXBuildFile; fileRef = EA451132738F4C03AC421E7D /* StudyAI/Views/ProgressView.swift */; };
		BBC5F8E4CA694EABAD6955A2 /* StudyAI/Services/SimpleMathRenderer.swift in Sources */ = {isa = PBXBuildFile; fileRef = 0011C726DB944E1CBD5D9102 /* StudyAI/Services/SimpleMathRenderer.swift */; };
		C278552EF36F41E59A51F0FC /* StudyAI/Views/UserProfileView.swift in Sources */ = {isa = PBXBuildFile; fileRef = D724DD29C2CD4B3AAC9114B6 /* StudyAI/Views/UserProfileView.swift */; };
		C42D5B1E2F9F422F898D739B /* StudyAI/NetworkService.swift in Sources */ = {isa = PBXBuildFile; fileRef = 1ECE095FF4DB41A3B76FBE4F /* StudyAI/NetworkService.swift */; };
		CBC9A72B2BBE4D5DB9556A4C /* StudyAI/Views/CameraView.swift in Sources */ = {isa = PBXBuildFile; fileRef = 885943542F6749ACA3543873 /* StudyAI/Views/CameraView.swift */; };
		D10DEB4AEF7548A0BC7A194F /* StudyAI/Services/PerspectiveCorrector.swift in Sources */ = {isa = PBXBuildFile; fileRef = 9D2C1B0980334724B73CC227 /* StudyAI/Services/PerspectiveCorrector.swift */; };
		D3FB6347F13948AB873BE1F8 /* StudyAI/Services/SpeechRecognitionService.swift in Sources */ = {isa = PBXBuildFile; fileRef = 8405427D871C4C278BB1D075 /* StudyAI/Services/SpeechRecognitionService.swift */; };
		D87DBC4B66CF4F958C156B26 /* StudyAI/Models/QuestionArchiveModels.swift in Sources */ = {isa = PBXBuildFile; fileRef = 3E2AD38EF0CF492393C1C87D /* StudyAI/Models/QuestionArchiveModels.swift */; };
		DB5CF3C197754361B71BF918 /* StudyAI/Services/QuestionSegmenter.swift in Sources */ = {isa = PBXBuildFile; fileRef = 8357641D6957415C8C814D59 /* StudyAI/Services/QuestionSegmenter.swift */; };
		E50F5FB6D0B84192B07AC6D4 /* StudyAI/Views/SessionChatView.swift in Sources */ = {isa = PBXBuildFile; fileRef = 6C25B8960EFF470BBE31F73A /* StudyAI/Views/SessionChatView.swift */; };
		E892C474DD7F4C22968FF06B /* StudyAI/Views/ModernLoginView.swift in Sources */ = {isa = PBXBuildFile; fileRef = 377AB348C798453AB804B3A9 /* StudyAI/Views/ModernLoginView.swift */; };
		EF7FC57F2FF9428F9F262123 /* StudyAI/Models/SessionModels.swift in Sources */ = {isa = PBXBuildFile; fileRef = B496CCDDC9B5477581971035 /* StudyAI/Models/SessionModels.swift */; };
		F650D062B9BD47CF8FB56CA7 /* StudyAI/Services/SupabaseService.swift in Sources */ = {isa = PBXBuildFile; fileRef = 5D90BE85B6E443D192306734 /* StudyAI/Services/SupabaseService.swift */; };
		12345678901234567890ABCD /* StudyAI/Services/UserSessionManager.swift in Sources */ = {isa = PBXBuildFile; fileRef = ABCD123456789012EFGH3456 /* StudyAI/Services/UserSessionManager.swift */; };
		23456789012345678901BCDE /* StudyAI/Services/LibraryDataService.swift in Sources */ = {isa = PBXBuildFile; fileRef = BCDE234567890123FGHI4567 /* StudyAI/Services/LibraryDataService.swift */; };
		34567890123456789012CDEF /* StudyAI/Views/UnifiedLibraryView.swift in Sources */ = {isa = PBXBuildFile; fileRef = CDEF345678901234GHIJ5678 /* StudyAI/Views/UnifiedLibraryView.swift */; };
		45678901234567890123DDEF /* StudyAI/ViewModels/CameraViewModel.swift in Sources */ = {isa = PBXBuildFile; fileRef = DDEF456789012345HIJK6789 /* StudyAI/ViewModels/CameraViewModel.swift */; };
		PROF567890123456BCDE8901 /* StudyAI/Models/UserProfile.swift in Sources */ = {isa = PBXBuildFile; fileRef = PROF123456789012ABCD7890 /* StudyAI/Models/UserProfile.swift */; };
		PRFS678901234567CDEF9012 /* StudyAI/Services/ProfileService.swift in Sources */ = {isa = PBXBuildFile; fileRef = PRFS234567890123BCDE8901 /* StudyAI/Services/ProfileService.swift */; };
		EDIT789012345678DEFF0123 /* StudyAI/Views/EditProfileView.swift in Sources */ = {isa = PBXBuildFile; fileRef = EDIT345678901234CDEF9012 /* StudyAI/Views/EditProfileView.swift */; };
/* End PBXBuildFile section */

/* Begin PBXContainerItemProxy section */
		7B9EC47B2E61663E005E4BFB /* PBXContainerItemProxy */ = {
			isa = PBXContainerItemProxy;
			containerPortal = 7B9EC4652E61663B005E4BFB /* Project object */;
			proxyType = 1;
			remoteGlobalIDString = 7B9EC46C2E61663B005E4BFB;
			remoteInfo = StudyAI;
		};
		7B9EC4852E61663E005E4BFB /* PBXContainerItemProxy */ = {
			isa = PBXContainerItemProxy;
			containerPortal = 7B9EC4652E61663B005E4BFB /* Project object */;
			proxyType = 1;
			remoteGlobalIDString = 7B9EC46C2E61663B005E4BFB;
			remoteInfo = StudyAI;
		};
/* End PBXContainerItemProxy section */

/* Begin PBXFileReference section */
		0011C726DB944E1CBD5D9102 /* StudyAI/Services/SimpleMathRenderer.swift */ = {isa = PBXFileReference; lastKnownFileType = sourcecode.swift; path = StudyAI/Services/SimpleMathRenderer.swift; sourceTree = "<group>"; };
		03DB96F217C9458693CF5BDA /* StudyAI/Views/VoiceSettingsView.swift */ = {isa = PBXFileReference; lastKnownFileType = sourcecode.swift; path = StudyAI/Views/VoiceSettingsView.swift; sourceTree = "<group>"; };
		06624CDF338947F0A3F8838D /* StudyAI/Models/HomeworkModels.swift */ = {isa = PBXFileReference; lastKnownFileType = sourcecode.swift; path = StudyAI/Models/HomeworkModels.swift; sourceTree = "<group>"; };
		0AB173EA95EE4D1FBEAED03D /* StudyAI/Services/QuestionArchiveService.swift */ = {isa = PBXFileReference; lastKnownFileType = sourcecode.swift; path = StudyAI/Services/QuestionArchiveService.swift; sourceTree = "<group>"; };
		0AC15A890FCE4881A878DD17 /* StudyAI/Services/EnhancedTTSService.swift */ = {isa = PBXFileReference; lastKnownFileType = sourcecode.swift; path = StudyAI/Services/EnhancedTTSService.swift; sourceTree = "<group>"; };
		18BF91BCEE9B4980BC643CB2 /* StudyAI/Services/TextToSpeechService.swift */ = {isa = PBXFileReference; lastKnownFileType = sourcecode.swift; path = StudyAI/Services/TextToSpeechService.swift; sourceTree = "<group>"; };
		1C5B92FDE0224FCA9F3A87CD /* StudyAI/Views/AIHomeworkTestView.swift */ = {isa = PBXFileReference; lastKnownFileType = sourcecode.swift; path = StudyAI/Views/AIHomeworkTestView.swift; sourceTree = "<group>"; };
		1ECE095FF4DB41A3B76FBE4F /* StudyAI/NetworkService.swift */ = {isa = PBXFileReference; lastKnownFileType = sourcecode.swift; path = StudyAI/NetworkService.swift; sourceTree = "<group>"; };
		2372BC21FDF74404A73B6D30 /* StudyAI/StudyAIApp.swift */ = {isa = PBXFileReference; lastKnownFileType = sourcecode.swift; path = StudyAI/StudyAIApp.swift; sourceTree = "<group>"; };
		2575218B86324529B227C931 /* StudyAI/Views/ZoomedRegionView.swift */ = {isa = PBXFileReference; lastKnownFileType = sourcecode.swift; path = StudyAI/Views/ZoomedRegionView.swift; sourceTree = "<group>"; };
		27D08428900147788147829E /* StudyAI/Views/ArchivedQuestionsView.swift */ = {isa = PBXFileReference; lastKnownFileType = sourcecode.swift; path = StudyAI/Views/ArchivedQuestionsView.swift; sourceTree = "<group>"; };
		3007D1E356704A0C864FBEED /* StudyAI/Views/HomeView.swift */ = {isa = PBXFileReference; lastKnownFileType = sourcecode.swift; path = StudyAI/Views/HomeView.swift; sourceTree = "<group>"; };
		122549B3F87E417292C7874C /* StudyAI/Views/DirectAIHomeworkView.swift */ = {isa = PBXFileReference; lastKnownFileType = sourcecode.swift; path = StudyAI/Views/DirectAIHomeworkView.swift; sourceTree = "<group>"; };
		311043C016B54E4B8B6BA163 /* StudyAI/Views/NativeImageEditView.swift */ = {isa = PBXFileReference; lastKnownFileType = sourcecode.swift; path = StudyAI/Views/NativeImageEditView.swift; sourceTree = "<group>"; };
		32BB536B35E943F1A8FB9571 /* StudyAI/Services/ImageProcessingService.swift */ = {isa = PBXFileReference; lastKnownFileType = sourcecode.swift; path = StudyAI/Services/ImageProcessingService.swift; sourceTree = "<group>"; };
		377AB348C798453AB804B3A9 /* StudyAI/Views/ModernLoginView.swift */ = {isa = PBXFileReference; lastKnownFileType = sourcecode.swift; path = StudyAI/Views/ModernLoginView.swift; sourceTree = "<group>"; };
		3E2AD38EF0CF492393C1C87D /* StudyAI/Models/QuestionArchiveModels.swift */ = {isa = PBXFileReference; lastKnownFileType = sourcecode.swift; path = StudyAI/Models/QuestionArchiveModels.swift; sourceTree = "<group>"; };
		4624BD01A8D5462385D269DE /* StudyAI/Views/QuestionArchiveView.swift */ = {isa = PBXFileReference; lastKnownFileType = sourcecode.swift; path = StudyAI/Views/QuestionArchiveView.swift; sourceTree = "<group>"; };
		47128702183F4DCBB17F067E /* StudyAI/Views/QuestionView.swift */ = {isa = PBXFileReference; lastKnownFileType = sourcecode.swift; path = StudyAI/Views/QuestionView.swift; sourceTree = "<group>"; };
		4C75C2233B72490A8E27CDEB /* StudyAI/Views/HomeworkResultsView.swift */ = {isa = PBXFileReference; lastKnownFileType = sourcecode.swift; path = StudyAI/Views/HomeworkResultsView.swift; sourceTree = "<group>"; };
		5D90BE85B6E443D192306734 /* StudyAI/Services/SupabaseService.swift */ = {isa = PBXFileReference; lastKnownFileType = sourcecode.swift; path = StudyAI/Services/SupabaseService.swift; sourceTree = "<group>"; };
		685F5AB0784E4EAEB6B58C7E /* StudyAI/ContentView.swift */ = {isa = PBXFileReference; lastKnownFileType = sourcecode.swift; path = StudyAI/ContentView.swift; sourceTree = "<group>"; };
		6C25B8960EFF470BBE31F73A /* StudyAI/Views/SessionChatView.swift */ = {isa = PBXFileReference; lastKnownFileType = sourcecode.swift; path = StudyAI/Views/SessionChatView.swift; sourceTree = "<group>"; };
		740D132F82A14ABAA94D79CC /* StudyAI/Models/VoiceModels.swift */ = {isa = PBXFileReference; lastKnownFileType = sourcecode.swift; path = StudyAI/Models/VoiceModels.swift; sourceTree = "<group>"; };
		7B9EC46D2E61663B005E4BFB /* StudyAI.app */ = {isa = PBXFileReference; explicitFileType = wrapper.application; includeInIndex = 0; path = StudyAI.app; sourceTree = BUILT_PRODUCTS_DIR; };
		7B9EC47A2E61663E005E4BFB /* StudyAITests.xctest */ = {isa = PBXFileReference; explicitFileType = wrapper.cfbundle; includeInIndex = 0; path = StudyAITests.xctest; sourceTree = BUILT_PRODUCTS_DIR; };
		7B9EC4842E61663E005E4BFB /* StudyAIUITests.xctest */ = {isa = PBXFileReference; explicitFileType = wrapper.cfbundle; includeInIndex = 0; path = StudyAIUITests.xctest; sourceTree = BUILT_PRODUCTS_DIR; };
		7BC00E6D2E714D67002DF625 /* GoogleService-Info.plist */ = {isa = PBXFileReference; lastKnownFileType = text.plist.xml; path = "GoogleService-Info.plist"; sourceTree = "<group>"; };
		8357641D6957415C8C814D59 /* StudyAI/Services/QuestionSegmenter.swift */ = {isa = PBXFileReference; lastKnownFileType = sourcecode.swift; path = StudyAI/Services/QuestionSegmenter.swift; sourceTree = "<group>"; };
		8405427D871C4C278BB1D075 /* StudyAI/Services/SpeechRecognitionService.swift */ = {isa = PBXFileReference; lastKnownFileType = sourcecode.swift; path = StudyAI/Services/SpeechRecognitionService.swift; sourceTree = "<group>"; };
		84F4782308454D1A98C2741E /* StudyAI/Views/ImageCropView.swift */ = {isa = PBXFileReference; lastKnownFileType = sourcecode.swift; path = StudyAI/Views/ImageCropView.swift; sourceTree = "<group>"; };
		885943542F6749ACA3543873 /* StudyAI/Views/CameraView.swift */ = {isa = PBXFileReference; lastKnownFileType = sourcecode.swift; path = StudyAI/Views/CameraView.swift; sourceTree = "<group>"; };
		9D2C1B0980334724B73CC227 /* StudyAI/Services/PerspectiveCorrector.swift */ = {isa = PBXFileReference; lastKnownFileType = sourcecode.swift; path = StudyAI/Services/PerspectiveCorrector.swift; sourceTree = "<group>"; };
		A8B9760D87F648899A6633CB /* StudyAI/Views/ScannedImageActionView.swift */ = {isa = PBXFileReference; lastKnownFileType = sourcecode.swift; path = StudyAI/Views/ScannedImageActionView.swift; sourceTree = "<group>"; };
		B3318992F2294A6DA7A14EB3 /* StudyAI/Views/SessionHistoryView.swift */ = {isa = PBXFileReference; lastKnownFileType = sourcecode.swift; path = StudyAI/Views/SessionHistoryView.swift; sourceTree = "<group>"; };
		B496CCDDC9B5477581971035 /* StudyAI/Models/SessionModels.swift */ = {isa = PBXFileReference; lastKnownFileType = sourcecode.swift; path = StudyAI/Models/SessionModels.swift; sourceTree = "<group>"; };
		C87EE23BC3FC415E8AFB5C0A /* StudyAI/Services/EnhancedHomeworkParser.swift */ = {isa = PBXFileReference; lastKnownFileType = sourcecode.swift; path = StudyAI/Services/EnhancedHomeworkParser.swift; sourceTree = "<group>"; };
		CECFC862D6EF46829F4A05A3 /* StudyAI/Services/MathRenderer.swift */ = {isa = PBXFileReference; lastKnownFileType = sourcecode.swift; path = StudyAI/Services/MathRenderer.swift; sourceTree = "<group>"; };
		D724DD29C2CD4B3AAC9114B6 /* StudyAI/Views/UserProfileView.swift */ = {isa = PBXFileReference; lastKnownFileType = sourcecode.swift; path = StudyAI/Views/UserProfileView.swift; sourceTree = "<group>"; };
		DBB6C78FB23E45A9AF19ECC9 /* StudyAI/Services/AuthenticationService.swift */ = {isa = PBXFileReference; lastKnownFileType = sourcecode.swift; path = StudyAI/Services/AuthenticationService.swift; sourceTree = "<group>"; };
		CAS43139063DB4892D6DA7D /* StudyAI/Services/CameraSessionManager.swift */ = {isa = PBXFileReference; lastKnownFileType = sourcecode.swift; path = StudyAI/Services/CameraSessionManager.swift; sourceTree = "<group>"; };
		EIR3E31E87F78722E1F7AE5 /* StudyAI/Services/EnhancedImageProcessor.swift */ = {isa = PBXFileReference; lastKnownFileType = sourcecode.swift; path = StudyAI/Services/EnhancedImageProcessor.swift; sourceTree = "<group>"; };
		E13D4A8943284F528CD3C3C1 /* StudyAI/Views/SessionDetailView.swift */ = {isa = PBXFileReference; lastKnownFileType = sourcecode.swift; path = StudyAI/Views/SessionDetailView.swift; sourceTree = "<group>"; };
		E2A9A6742CCE4F3DB87AA7FD /* StudyAI/Services/RailwayArchiveService.swift */ = {isa = PBXFileReference; lastKnownFileType = sourcecode.swift; path = StudyAI/Services/RailwayArchiveService.swift; sourceTree = "<group>"; };
		E5DB8369296B47A1A5BC7BF1 /* StudyAI/Services/ImageEnhancer.swift */ = {isa = PBXFileReference; lastKnownFileType = sourcecode.swift; path = StudyAI/Services/ImageEnhancer.swift; sourceTree = "<group>"; };
		EA451132738F4C03AC421E7D /* StudyAI/Views/ProgressView.swift */ = {isa = PBXFileReference; lastKnownFileType = sourcecode.swift; path = StudyAI/Views/ProgressView.swift; sourceTree = "<group>"; };
		EEAD0FA974974B559BA7B6B7 /* StudyAI/Services/VoiceInteractionService.swift */ = {isa = PBXFileReference; lastKnownFileType = sourcecode.swift; path = StudyAI/Services/VoiceInteractionService.swift; sourceTree = "<group>"; };
		ABCD123456789012EFGH3456 /* StudyAI/Services/UserSessionManager.swift */ = {isa = PBXFileReference; lastKnownFileType = sourcecode.swift; path = StudyAI/Services/UserSessionManager.swift; sourceTree = "<group>"; };
		BCDE234567890123FGHI4567 /* StudyAI/Services/LibraryDataService.swift */ = {isa = PBXFileReference; lastKnownFileType = sourcecode.swift; path = StudyAI/Services/LibraryDataService.swift; sourceTree = "<group>"; };
		CDEF345678901234GHIJ5678 /* StudyAI/Views/UnifiedLibraryView.swift */ = {isa = PBXFileReference; lastKnownFileType = sourcecode.swift; path = StudyAI/Views/UnifiedLibraryView.swift; sourceTree = "<group>"; };
		DDEF456789012345HIJK6789 /* StudyAI/ViewModels/CameraViewModel.swift */ = {isa = PBXFileReference; lastKnownFileType = sourcecode.swift; path = StudyAI/ViewModels/CameraViewModel.swift; sourceTree = "<group>"; };
		PROF123456789012ABCD7890 /* StudyAI/Models/UserProfile.swift */ = {isa = PBXFileReference; lastKnownFileType = sourcecode.swift; path = StudyAI/Models/UserProfile.swift; sourceTree = "<group>"; };
		PRFS234567890123BCDE8901 /* StudyAI/Services/ProfileService.swift */ = {isa = PBXFileReference; lastKnownFileType = sourcecode.swift; path = StudyAI/Services/ProfileService.swift; sourceTree = "<group>"; };
		EDIT345678901234CDEF9012 /* StudyAI/Views/EditProfileView.swift */ = {isa = PBXFileReference; lastKnownFileType = sourcecode.swift; path = StudyAI/Views/EditProfileView.swift; sourceTree = "<group>"; };
/* End PBXFileReference section */

/* Begin PBXFileSystemSynchronizedRootGroup section */
		7B9EC47D2E61663E005E4BFB /* StudyAITests */ = {
			isa = PBXFileSystemSynchronizedRootGroup;
			path = StudyAITests;
			sourceTree = "<group>";
		};
		7B9EC4872E61663E005E4BFB /* StudyAIUITests */ = {
			isa = PBXFileSystemSynchronizedRootGroup;
			path = StudyAIUITests;
			sourceTree = "<group>";
		};
/* End PBXFileSystemSynchronizedRootGroup section */

/* Begin PBXFrameworksBuildPhase section */
		7B9EC46A2E61663B005E4BFB /* Frameworks */ = {
			isa = PBXFrameworksBuildPhase;
			buildActionMask = 2147483647;
			files = (
				7BC00E6A2E714B68002DF625 /* GoogleSignIn in Frameworks */,
				7BC00E6C2E714B68002DF625 /* GoogleSignInSwift in Frameworks */,
			);
			runOnlyForDeploymentPostprocessing = 0;
		};
		7B9EC4772E61663E005E4BFB /* Frameworks */ = {
			isa = PBXFrameworksBuildPhase;
			buildActionMask = 2147483647;
			files = (
			);
			runOnlyForDeploymentPostprocessing = 0;
		};
		7B9EC4812E61663E005E4BFB /* Frameworks */ = {
			isa = PBXFrameworksBuildPhase;
			buildActionMask = 2147483647;
			files = (
			);
			runOnlyForDeploymentPostprocessing = 0;
		};
/* End PBXFrameworksBuildPhase section */

/* Begin PBXGroup section */
		7B02A71C2E7138CB00A3C67F /* Recovered References */ = {
			isa = PBXGroup;
			children = (
				685F5AB0784E4EAEB6B58C7E /* StudyAI/ContentView.swift */,
				06624CDF338947F0A3F8838D /* StudyAI/Models/HomeworkModels.swift */,
				3E2AD38EF0CF492393C1C87D /* StudyAI/Models/QuestionArchiveModels.swift */,
				B496CCDDC9B5477581971035 /* StudyAI/Models/SessionModels.swift */,
				740D132F82A14ABAA94D79CC /* StudyAI/Models/VoiceModels.swift */,
				PROF123456789012ABCD7890 /* StudyAI/Models/UserProfile.swift */,
				1ECE095FF4DB41A3B76FBE4F /* StudyAI/NetworkService.swift */,
				DBB6C78FB23E45A9AF19ECC9 /* StudyAI/Services/AuthenticationService.swift */,
				CAS43139063DB4892D6DA7D /* StudyAI/Services/CameraSessionManager.swift */,
				EIR3E31E87F78722E1F7AE5 /* StudyAI/Services/EnhancedImageProcessor.swift */,
				C87EE23BC3FC415E8AFB5C0A /* StudyAI/Services/EnhancedHomeworkParser.swift */,
				0AC15A890FCE4881A878DD17 /* StudyAI/Services/EnhancedTTSService.swift */,
				E5DB8369296B47A1A5BC7BF1 /* StudyAI/Services/ImageEnhancer.swift */,
				32BB536B35E943F1A8FB9571 /* StudyAI/Services/ImageProcessingService.swift */,
				CECFC862D6EF46829F4A05A3 /* StudyAI/Services/MathRenderer.swift */,
				9D2C1B0980334724B73CC227 /* StudyAI/Services/PerspectiveCorrector.swift */,
				0AB173EA95EE4D1FBEAED03D /* StudyAI/Services/QuestionArchiveService.swift */,
				8357641D6957415C8C814D59 /* StudyAI/Services/QuestionSegmenter.swift */,
				E2A9A6742CCE4F3DB87AA7FD /* StudyAI/Services/RailwayArchiveService.swift */,
				0011C726DB944E1CBD5D9102 /* StudyAI/Services/SimpleMathRenderer.swift */,
				8405427D871C4C278BB1D075 /* StudyAI/Services/SpeechRecognitionService.swift */,
				5D90BE85B6E443D192306734 /* StudyAI/Services/SupabaseService.swift */,
				18BF91BCEE9B4980BC643CB2 /* StudyAI/Services/TextToSpeechService.swift */,
				EEAD0FA974974B559BA7B6B7 /* StudyAI/Services/VoiceInteractionService.swift */,
				ABCD123456789012EFGH3456 /* StudyAI/Services/UserSessionManager.swift */,
				BCDE234567890123FGHI4567 /* StudyAI/Services/LibraryDataService.swift */,
				PRFS234567890123BCDE8901 /* StudyAI/Services/ProfileService.swift */,
				2372BC21FDF74404A73B6D30 /* StudyAI/StudyAIApp.swift */,
				DDEF456789012345HIJK6789 /* StudyAI/ViewModels/CameraViewModel.swift */,
				1C5B92FDE0224FCA9F3A87CD /* StudyAI/Views/AIHomeworkTestView.swift */,
				27D08428900147788147829E /* StudyAI/Views/ArchivedQuestionsView.swift */,
				885943542F6749ACA3543873 /* StudyAI/Views/CameraView.swift */,
				122549B3F87E417292C7874C /* StudyAI/Views/DirectAIHomeworkView.swift */,
				EDIT345678901234CDEF9012 /* StudyAI/Views/EditProfileView.swift */,
				3007D1E356704A0C864FBEED /* StudyAI/Views/HomeView.swift */,
				4C75C2233B72490A8E27CDEB /* StudyAI/Views/HomeworkResultsView.swift */,
				84F4782308454D1A98C2741E /* StudyAI/Views/ImageCropView.swift */,
				377AB348C798453AB804B3A9 /* StudyAI/Views/ModernLoginView.swift */,
				311043C016B54E4B8B6BA163 /* StudyAI/Views/NativeImageEditView.swift */,
				EA451132738F4C03AC421E7D /* StudyAI/Views/ProgressView.swift */,
				4624BD01A8D5462385D269DE /* StudyAI/Views/QuestionArchiveView.swift */,
				47128702183F4DCBB17F067E /* StudyAI/Views/QuestionView.swift */,
				A8B9760D87F648899A6633CB /* StudyAI/Views/ScannedImageActionView.swift */,
				6C25B8960EFF470BBE31F73A /* StudyAI/Views/SessionChatView.swift */,
				E13D4A8943284F528CD3C3C1 /* StudyAI/Views/SessionDetailView.swift */,
				B3318992F2294A6DA7A14EB3 /* StudyAI/Views/SessionHistoryView.swift */,
				D724DD29C2CD4B3AAC9114B6 /* StudyAI/Views/UserProfileView.swift */,
				03DB96F217C9458693CF5BDA /* StudyAI/Views/VoiceSettingsView.swift */,
				2575218B86324529B227C931 /* StudyAI/Views/ZoomedRegionView.swift */,
			);
			name = "Recovered References";
			sourceTree = "<group>";
		};
		7B9EC4642E61663B005E4BFB = {
			isa = PBXGroup;
			children = (
				7BC00E6D2E714D67002DF625 /* GoogleService-Info.plist */,
				7B9EC47D2E61663E005E4BFB /* StudyAITests */,
				7B9EC4872E61663E005E4BFB /* StudyAIUITests */,
				7B9EC46E2E61663B005E4BFB /* Products */,
				7B02A71C2E7138CB00A3C67F /* Recovered References */,
				7BC00E682E714B68002DF625 /* Frameworks */,
			);
			sourceTree = "<group>";
		};
		7B9EC46E2E61663B005E4BFB /* Products */ = {
			isa = PBXGroup;
			children = (
				7B9EC46D2E61663B005E4BFB /* StudyAI.app */,
				7B9EC47A2E61663E005E4BFB /* StudyAITests.xctest */,
				7B9EC4842E61663E005E4BFB /* StudyAIUITests.xctest */,
			);
			name = Products;
			sourceTree = "<group>";
		};
		7BC00E682E714B68002DF625 /* Frameworks */ = {
			isa = PBXGroup;
			children = (
			);
			name = Frameworks;
			sourceTree = "<group>";
		};
/* End PBXGroup section */

/* Begin PBXNativeTarget section */
		7B9EC46C2E61663B005E4BFB /* StudyAI */ = {
			isa = PBXNativeTarget;
			buildConfigurationList = 7B9EC48E2E61663E005E4BFB /* Build configuration list for PBXNativeTarget "StudyAI" */;
			buildPhases = (
				7B9EC4692E61663B005E4BFB /* Sources */,
				7B9EC46A2E61663B005E4BFB /* Frameworks */,
				7B9EC46B2E61663B005E4BFB /* Resources */,
			);
			buildRules = (
			);
			dependencies = (
			);
			name = StudyAI;
			packageProductDependencies = (
				7BC00E692E714B68002DF625 /* GoogleSignIn */,
				7BC00E6B2E714B68002DF625 /* GoogleSignInSwift */,
			);
			productName = StudyAI;
			productReference = 7B9EC46D2E61663B005E4BFB /* StudyAI.app */;
			productType = "com.apple.product-type.application";
		};
		7B9EC4792E61663E005E4BFB /* StudyAITests */ = {
			isa = PBXNativeTarget;
			buildConfigurationList = 7B9EC4912E61663E005E4BFB /* Build configuration list for PBXNativeTarget "StudyAITests" */;
			buildPhases = (
				7B9EC4762E61663E005E4BFB /* Sources */,
				7B9EC4772E61663E005E4BFB /* Frameworks */,
				7B9EC4782E61663E005E4BFB /* Resources */,
			);
			buildRules = (
			);
			dependencies = (
				7B9EC47C2E61663E005E4BFB /* PBXTargetDependency */,
			);
			fileSystemSynchronizedGroups = (
				7B9EC47D2E61663E005E4BFB /* StudyAITests */,
			);
			name = StudyAITests;
			packageProductDependencies = (
			);
			productName = StudyAITests;
			productReference = 7B9EC47A2E61663E005E4BFB /* StudyAITests.xctest */;
			productType = "com.apple.product-type.bundle.unit-test";
		};
		7B9EC4832E61663E005E4BFB /* StudyAIUITests */ = {
			isa = PBXNativeTarget;
			buildConfigurationList = 7B9EC4942E61663E005E4BFB /* Build configuration list for PBXNativeTarget "StudyAIUITests" */;
			buildPhases = (
				7B9EC4802E61663E005E4BFB /* Sources */,
				7B9EC4812E61663E005E4BFB /* Frameworks */,
				7B9EC4822E61663E005E4BFB /* Resources */,
			);
			buildRules = (
			);
			dependencies = (
				7B9EC4862E61663E005E4BFB /* PBXTargetDependency */,
			);
			fileSystemSynchronizedGroups = (
				7B9EC4872E61663E005E4BFB /* StudyAIUITests */,
			);
			name = StudyAIUITests;
			packageProductDependencies = (
			);
			productName = StudyAIUITests;
			productReference = 7B9EC4842E61663E005E4BFB /* StudyAIUITests.xctest */;
			productType = "com.apple.product-type.bundle.ui-testing";
		};
/* End PBXNativeTarget section */

/* Begin PBXProject section */
		7B9EC4652E61663B005E4BFB /* Project object */ = {
			isa = PBXProject;
			attributes = {
				BuildIndependentTargetsInParallel = 1;
				LastSwiftUpdateCheck = 2630;
				LastUpgradeCheck = 2630;
				TargetAttributes = {
					7B9EC46C2E61663B005E4BFB = {
						CreatedOnToolsVersion = 26.3;
					};
					7B9EC4792E61663E005E4BFB = {
						CreatedOnToolsVersion = 26.3;
						TestTargetID = 7B9EC46C2E61663B005E4BFB;
					};
					7B9EC4832E61663E005E4BFB = {
						CreatedOnToolsVersion = 26.3;
						TestTargetID = 7B9EC46C2E61663B005E4BFB;
					};
				};
			};
			buildConfigurationList = 7B9EC4682E61663B005E4BFB /* Build configuration list for PBXProject "StudyAI" */;
			developmentRegion = en;
			hasScannedForEncodings = 0;
			knownRegions = (
				en,
				Base,
			);
			mainGroup = 7B9EC4642E61663B005E4BFB;
			minimizedProjectReferenceProxies = 1;
			packageReferences = (
				7B02A7232E714A2C00A3C67F /* XCRemoteSwiftPackageReference "GoogleSignIn-iOS" */,
			);
			preferredProjectObjectVersion = 77;
			productRefGroup = 7B9EC46E2E61663B005E4BFB /* Products */;
			projectDirPath = "";
			projectRoot = "";
			targets = (
				7B9EC46C2E61663B005E4BFB /* StudyAI */,
				7B9EC4792E61663E005E4BFB /* StudyAITests */,
				7B9EC4832E61663E005E4BFB /* StudyAIUITests */,
			);
		};
/* End PBXProject section */

/* Begin PBXResourcesBuildPhase section */
		7B9EC46B2E61663B005E4BFB /* Resources */ = {
			isa = PBXResourcesBuildPhase;
			buildActionMask = 2147483647;
			files = (
				7BC00E702E714D67002DF625 /* GoogleService-Info.plist in Resources */,
			);
			runOnlyForDeploymentPostprocessing = 0;
		};
		7B9EC4782E61663E005E4BFB /* Resources */ = {
			isa = PBXResourcesBuildPhase;
			buildActionMask = 2147483647;
			files = (
				7BC00E6E2E714D67002DF625 /* GoogleService-Info.plist in Resources */,
			);
			runOnlyForDeploymentPostprocessing = 0;
		};
		7B9EC4822E61663E005E4BFB /* Resources */ = {
			isa = PBXResourcesBuildPhase;
			buildActionMask = 2147483647;
			files = (
				7BC00E6F2E714D67002DF625 /* GoogleService-Info.plist in Resources */,
			);
			runOnlyForDeploymentPostprocessing = 0;
		};
/* End PBXResourcesBuildPhase section */

/* Begin PBXSourcesBuildPhase section */
		7B9EC4692E61663B005E4BFB /* Sources */ = {
			isa = PBXSourcesBuildPhase;
			buildActionMask = 2147483647;
			files = (
				809124D3E9CF44C6A623DE31 /* StudyAI/ContentView.swift in Sources */,
				47661FA6102F43AE9462714A /* StudyAI/Models/HomeworkModels.swift in Sources */,
				D87DBC4B66CF4F958C156B26 /* StudyAI/Models/QuestionArchiveModels.swift in Sources */,
				EF7FC57F2FF9428F9F262123 /* StudyAI/Models/SessionModels.swift in Sources */,
				6AAA1280DC3B4E05B19E67B6 /* StudyAI/Models/VoiceModels.swift in Sources */,
				PROF567890123456BCDE8901 /* StudyAI/Models/UserProfile.swift in Sources */,
				C42D5B1E2F9F422F898D739B /* StudyAI/NetworkService.swift in Sources */,
				3CAC0FF7EDE94A0B9ACDC78F /* StudyAI/Services/AuthenticationService.swift in Sources */,
				CAB7C1BE421684B5D6EBB59 /* StudyAI/Services/CameraSessionManager.swift in Sources */,
				EIB7AB25DA9B4CE3E97F6F9 /* StudyAI/Services/EnhancedImageProcessor.swift in Sources */,
				8659331C2BF143DBB36C245F /* StudyAI/Services/EnhancedHomeworkParser.swift in Sources */,
				0B6A2DF7A9ED4CCEBEABDB0A /* StudyAI/Services/EnhancedTTSService.swift in Sources */,
				61B870B5050040DB9CEFA635 /* StudyAI/Services/ImageEnhancer.swift in Sources */,
				6CBE355CB94942A4BCE01308 /* StudyAI/Services/ImageProcessingService.swift in Sources */,
				3A80D5B52F8146A1B97E0CC4 /* StudyAI/Services/MathRenderer.swift in Sources */,
				D10DEB4AEF7548A0BC7A194F /* StudyAI/Services/PerspectiveCorrector.swift in Sources */,
				495A344A96B74E8DA4253A7F /* StudyAI/Services/QuestionArchiveService.swift in Sources */,
				DB5CF3C197754361B71BF918 /* StudyAI/Services/QuestionSegmenter.swift in Sources */,
				368449B00EC0466B89F7AFF6 /* StudyAI/Services/RailwayArchiveService.swift in Sources */,
				BBC5F8E4CA694EABAD6955A2 /* StudyAI/Services/SimpleMathRenderer.swift in Sources */,
				D3FB6347F13948AB873BE1F8 /* StudyAI/Services/SpeechRecognitionService.swift in Sources */,
				F650D062B9BD47CF8FB56CA7 /* StudyAI/Services/SupabaseService.swift in Sources */,
				B67097AEC09C4CA4B5C82F10 /* StudyAI/Services/TextToSpeechService.swift in Sources */,
				9FF8A1F6F34E4BF786B5EAC3 /* StudyAI/Services/VoiceInteractionService.swift in Sources */,
				12345678901234567890ABCD /* StudyAI/Services/UserSessionManager.swift in Sources */,
				23456789012345678901BCDE /* StudyAI/Services/LibraryDataService.swift in Sources */,
				PRFS678901234567CDEF9012 /* StudyAI/Services/ProfileService.swift in Sources */,
				17B3328E16B94A21AFE789F7 /* StudyAI/StudyAIApp.swift in Sources */,
				5DD635C39794474298FD4766 /* StudyAI/Views/AIHomeworkTestView.swift in Sources */,
				A823C26E80984911960B4AA1 /* StudyAI/Views/ArchivedQuestionsView.swift in Sources */,
				CBC9A72B2BBE4D5DB9556A4C /* StudyAI/Views/CameraView.swift in Sources */,
				2889F08A3B034FE5AC00739C /* StudyAI/Views/DirectAIHomeworkView.swift in Sources */,
				EDIT789012345678DEFF0123 /* StudyAI/Views/EditProfileView.swift in Sources */,
				51E8895014244637989DCA32 /* StudyAI/Views/HomeView.swift in Sources */,
				44D8DB9D1B4C4CFA8A59EB3D /* StudyAI/Views/HomeworkResultsView.swift in Sources */,
				73BEB15D842A4FB3B7E6B147 /* StudyAI/Views/ImageCropView.swift in Sources */,
				E892C474DD7F4C22968FF06B /* StudyAI/Views/ModernLoginView.swift in Sources */,
				9176ED5BC1F44B7AB46499C4 /* StudyAI/Views/NativeImageEditView.swift in Sources */,
				BBA36652115E4F419FE4EEEA /* StudyAI/Views/ProgressView.swift in Sources */,
				04A8227E20B44E2A9BB27336 /* StudyAI/Views/QuestionArchiveView.swift in Sources */,
				41384D26DC5E427FA23BC317 /* StudyAI/Views/QuestionView.swift in Sources */,
				762793B2FEB2456CA1FFD512 /* StudyAI/Views/ScannedImageActionView.swift in Sources */,
				E50F5FB6D0B84192B07AC6D4 /* StudyAI/Views/SessionChatView.swift in Sources */,
				A6AAD8B3B1CF457696752650 /* StudyAI/Views/SessionDetailView.swift in Sources */,
				8F1EBFF4298743058E934595 /* StudyAI/Views/SessionHistoryView.swift in Sources */,
				C278552EF36F41E59A51F0FC /* StudyAI/Views/UserProfileView.swift in Sources */,
				7DCD4D51FBF64F74AEA6A5C3 /* StudyAI/Views/VoiceSettingsView.swift in Sources */,
				2F704A14D92440C2A18F02EC /* StudyAI/Views/ZoomedRegionView.swift in Sources */,
				34567890123456789012CDEF /* StudyAI/Views/UnifiedLibraryView.swift in Sources */,
				45678901234567890123DDEF /* StudyAI/ViewModels/CameraViewModel.swift in Sources */,
			);
			runOnlyForDeploymentPostprocessing = 0;
		};
		7B9EC4762E61663E005E4BFB /* Sources */ = {
			isa = PBXSourcesBuildPhase;
			buildActionMask = 2147483647;
			files = (
			);
			runOnlyForDeploymentPostprocessing = 0;
		};
		7B9EC4802E61663E005E4BFB /* Sources */ = {
			isa = PBXSourcesBuildPhase;
			buildActionMask = 2147483647;
			files = (
			);
			runOnlyForDeploymentPostprocessing = 0;
		};
/* End PBXSourcesBuildPhase section */

/* Begin PBXTargetDependency section */
		7B9EC47C2E61663E005E4BFB /* PBXTargetDependency */ = {
			isa = PBXTargetDependency;
			target = 7B9EC46C2E61663B005E4BFB /* StudyAI */;
			targetProxy = 7B9EC47B2E61663E005E4BFB /* PBXContainerItemProxy */;
		};
		7B9EC4862E61663E005E4BFB /* PBXTargetDependency */ = {
			isa = PBXTargetDependency;
			target = 7B9EC46C2E61663B005E4BFB /* StudyAI */;
			targetProxy = 7B9EC4852E61663E005E4BFB /* PBXContainerItemProxy */;
		};
/* End PBXTargetDependency section */

/* Begin XCBuildConfiguration section */
		7B9EC48C2E61663E005E4BFB /* Debug */ = {
			isa = XCBuildConfiguration;
			buildSettings = {
				ALWAYS_SEARCH_USER_PATHS = NO;
				ASSETCATALOG_COMPILER_GENERATE_SWIFT_ASSET_SYMBOL_EXTENSIONS = YES;
				CLANG_ANALYZER_NONNULL = YES;
				CLANG_ANALYZER_NUMBER_OBJECT_CONVERSION = YES_AGGRESSIVE;
				CLANG_CXX_LANGUAGE_STANDARD = "gnu++20";
				CLANG_ENABLE_MODULES = YES;
				CLANG_ENABLE_OBJC_ARC = YES;
				CLANG_ENABLE_OBJC_WEAK = YES;
				CLANG_WARN_BLOCK_CAPTURE_AUTORELEASING = YES;
				CLANG_WARN_BOOL_CONVERSION = YES;
				CLANG_WARN_COMMA = YES;
				CLANG_WARN_CONSTANT_CONVERSION = YES;
				CLANG_WARN_DEPRECATED_OBJC_IMPLEMENTATIONS = YES;
				CLANG_WARN_DIRECT_OBJC_ISA_USAGE = YES_ERROR;
				CLANG_WARN_DOCUMENTATION_COMMENTS = YES;
				CLANG_WARN_EMPTY_BODY = YES;
				CLANG_WARN_ENUM_CONVERSION = YES;
				CLANG_WARN_INFINITE_RECURSION = YES;
				CLANG_WARN_INT_CONVERSION = YES;
				CLANG_WARN_NON_LITERAL_NULL_CONVERSION = YES;
				CLANG_WARN_OBJC_IMPLICIT_RETAIN_SELF = YES;
				CLANG_WARN_OBJC_LITERAL_CONVERSION = YES;
				CLANG_WARN_OBJC_ROOT_CLASS = YES_ERROR;
				CLANG_WARN_QUOTED_INCLUDE_IN_FRAMEWORK_HEADER = YES;
				CLANG_WARN_RANGE_LOOP_ANALYSIS = YES;
				CLANG_WARN_STRICT_PROTOTYPES = YES;
				CLANG_WARN_SUSPICIOUS_MOVE = YES;
				CLANG_WARN_UNGUARDED_AVAILABILITY = YES_AGGRESSIVE;
				CLANG_WARN_UNREACHABLE_CODE = YES;
				CLANG_WARN__DUPLICATE_METHOD_MATCH = YES;
				COPY_PHASE_STRIP = NO;
				DEBUG_INFORMATION_FORMAT = "dwarf-with-dsym";
				DEVELOPMENT_TEAM = 67ZCWLHZMX;
				ENABLE_STRICT_OBJC_MSGSEND = YES;
				ENABLE_TESTABILITY = YES;
				ENABLE_USER_SCRIPT_SANDBOXING = YES;
				DEBUG_INFORMATION_PRESERVE_BINCOMPAT = NO;
				GCC_C_LANGUAGE_STANDARD = gnu17;
				GCC_DYNAMIC_NO_PIC = NO;
				GCC_NO_COMMON_BLOCKS = YES;
				GCC_OPTIMIZATION_LEVEL = 0;
				GCC_PREPROCESSOR_DEFINITIONS = (
					"DEBUG=1",
					"$(inherited)",
				);
				GCC_WARN_64_TO_32_BIT_CONVERSION = YES;
				GCC_WARN_ABOUT_RETURN_TYPE = YES_ERROR;
				GCC_WARN_UNDECLARED_SELECTOR = YES;
				GCC_WARN_UNINITIALIZED_AUTOS = YES_AGGRESSIVE;
				GCC_WARN_UNUSED_FUNCTION = YES;
				GCC_WARN_UNUSED_VARIABLE = YES;
				IPHONEOS_DEPLOYMENT_TARGET = 17.0;
				LOCALIZATION_PREFERS_STRING_CATALOGS = YES;
				MTL_ENABLE_DEBUG_INFO = INCLUDE_SOURCE;
				MTL_FAST_MATH = YES;
				ONLY_ACTIVE_ARCH = YES;
				SDKROOT = iphoneos;
				SWIFT_ACTIVE_COMPILATION_CONDITIONS = "DEBUG $(inherited)";
				SWIFT_OPTIMIZATION_LEVEL = "-Onone";
				LLDB_USE_COMPILER_SHARED_CACHE = YES;
				LLDB_LAUNCH_FLAG_DISABLE_ASLR = YES;
			};
			name = Debug;
		};
		7B9EC48D2E61663E005E4BFB /* Release */ = {
			isa = XCBuildConfiguration;
			buildSettings = {
				ALWAYS_SEARCH_USER_PATHS = NO;
				ASSETCATALOG_COMPILER_GENERATE_SWIFT_ASSET_SYMBOL_EXTENSIONS = YES;
				CLANG_ANALYZER_NONNULL = YES;
				CLANG_ANALYZER_NUMBER_OBJECT_CONVERSION = YES_AGGRESSIVE;
				CLANG_CXX_LANGUAGE_STANDARD = "gnu++20";
				CLANG_ENABLE_MODULES = YES;
				CLANG_ENABLE_OBJC_ARC = YES;
				CLANG_ENABLE_OBJC_WEAK = YES;
				CLANG_WARN_BLOCK_CAPTURE_AUTORELEASING = YES;
				CLANG_WARN_BOOL_CONVERSION = YES;
				CLANG_WARN_COMMA = YES;
				CLANG_WARN_CONSTANT_CONVERSION = YES;
				CLANG_WARN_DEPRECATED_OBJC_IMPLEMENTATIONS = YES;
				CLANG_WARN_DIRECT_OBJC_ISA_USAGE = YES_ERROR;
				CLANG_WARN_DOCUMENTATION_COMMENTS = YES;
				CLANG_WARN_EMPTY_BODY = YES;
				CLANG_WARN_ENUM_CONVERSION = YES;
				CLANG_WARN_INFINITE_RECURSION = YES;
				CLANG_WARN_INT_CONVERSION = YES;
				CLANG_WARN_NON_LITERAL_NULL_CONVERSION = YES;
				CLANG_WARN_OBJC_IMPLICIT_RETAIN_SELF = YES;
				CLANG_WARN_OBJC_LITERAL_CONVERSION = YES;
				CLANG_WARN_OBJC_ROOT_CLASS = YES_ERROR;
				CLANG_WARN_QUOTED_INCLUDE_IN_FRAMEWORK_HEADER = YES;
				CLANG_WARN_RANGE_LOOP_ANALYSIS = YES;
				CLANG_WARN_STRICT_PROTOTYPES = YES;
				CLANG_WARN_SUSPICIOUS_MOVE = YES;
				CLANG_WARN_UNGUARDED_AVAILABILITY = YES_AGGRESSIVE;
				CLANG_WARN_UNREACHABLE_CODE = YES;
				CLANG_WARN__DUPLICATE_METHOD_MATCH = YES;
				COPY_PHASE_STRIP = NO;
				DEBUG_INFORMATION_FORMAT = "dwarf-with-dsym";
				DEVELOPMENT_TEAM = 67ZCWLHZMX;
				ENABLE_NS_ASSERTIONS = NO;
				ENABLE_STRICT_OBJC_MSGSEND = YES;
				ENABLE_USER_SCRIPT_SANDBOXING = YES;
				GCC_C_LANGUAGE_STANDARD = gnu17;
				GCC_NO_COMMON_BLOCKS = YES;
				GCC_WARN_64_TO_32_BIT_CONVERSION = YES;
				GCC_WARN_ABOUT_RETURN_TYPE = YES_ERROR;
				GCC_WARN_UNDECLARED_SELECTOR = YES;
				GCC_WARN_UNINITIALIZED_AUTOS = YES_AGGRESSIVE;
				GCC_WARN_UNUSED_FUNCTION = YES;
				GCC_WARN_UNUSED_VARIABLE = YES;
				IPHONEOS_DEPLOYMENT_TARGET = 17.0;
				LOCALIZATION_PREFERS_STRING_CATALOGS = YES;
				MTL_ENABLE_DEBUG_INFO = NO;
				MTL_FAST_MATH = YES;
				SDKROOT = iphoneos;
				SWIFT_COMPILATION_MODE = wholemodule;
				VALIDATE_PRODUCT = YES;
			};
			name = Release;
		};
		7B9EC48F2E61663E005E4BFB /* Debug */ = {
			isa = XCBuildConfiguration;
			buildSettings = {
				ASSETCATALOG_COMPILER_APPICON_NAME = AppIcon;
				ASSETCATALOG_COMPILER_GLOBAL_ACCENT_COLOR_NAME = AccentColor;
				CODE_SIGN_STYLE = Automatic;
				CURRENT_PROJECT_VERSION = 1;
				DEVELOPMENT_TEAM = 67ZCWLHZMX;
				ENABLE_PREVIEWS = YES;
				GENERATE_INFOPLIST_FILE = NO;
				INFOPLIST_FILE = StudyAI/Info.plist;
				INFOPLIST_KEY_NSCameraUsageDescription = "StudyAI needs camera access to scan homework questions and documents";
				INFOPLIST_KEY_UIApplicationSceneManifest_Generation = YES;
				INFOPLIST_KEY_UIApplicationSupportsIndirectInputEvents = YES;
				INFOPLIST_KEY_UILaunchScreen_Generation = YES;
				INFOPLIST_KEY_UISupportedInterfaceOrientations_iPad = "UIInterfaceOrientationPortrait UIInterfaceOrientationPortraitUpsideDown UIInterfaceOrientationLandscapeLeft UIInterfaceOrientationLandscapeRight";
				INFOPLIST_KEY_UISupportedInterfaceOrientations_iPhone = "UIInterfaceOrientationPortrait UIInterfaceOrientationLandscapeLeft UIInterfaceOrientationLandscapeRight";
				IPHONEOS_DEPLOYMENT_TARGET = 17.0;
				LD_RUNPATH_SEARCH_PATHS = (
					"$(inherited)",
					"@executable_path/Frameworks",
				);
				MARKETING_VERSION = 1.0;
				PRODUCT_BUNDLE_IDENTIFIER = "com.bo-jiang-StudyAI";
				PRODUCT_NAME = "$(TARGET_NAME)";
				STRING_CATALOG_GENERATE_SYMBOLS = YES;
				SWIFT_APPROACHABLE_CONCURRENCY = YES;
				SWIFT_DEFAULT_ACTOR_ISOLATION = MainActor;
				SWIFT_EMIT_LOC_STRINGS = YES;
				SWIFT_UPCOMING_FEATURE_MEMBER_IMPORT_VISIBILITY = YES;
				SWIFT_VERSION = 5.0;
				TARGETED_DEVICE_FAMILY = "1,2";
			};
			name = Debug;
		};
		7B9EC4902E61663E005E4BFB /* Release */ = {
			isa = XCBuildConfiguration;
			buildSettings = {
				ASSETCATALOG_COMPILER_APPICON_NAME = AppIcon;
				ASSETCATALOG_COMPILER_GLOBAL_ACCENT_COLOR_NAME = AccentColor;
				CODE_SIGN_STYLE = Automatic;
				CURRENT_PROJECT_VERSION = 1;
				DEVELOPMENT_TEAM = 67ZCWLHZMX;
				ENABLE_PREVIEWS = YES;
				GENERATE_INFOPLIST_FILE = NO;
				INFOPLIST_FILE = StudyAI/Info.plist;
				INFOPLIST_KEY_NSCameraUsageDescription = "StudyAI needs camera access to scan homework questions and documents";
				INFOPLIST_KEY_UIApplicationSceneManifest_Generation = YES;
				INFOPLIST_KEY_UIApplicationSupportsIndirectInputEvents = YES;
				INFOPLIST_KEY_UILaunchScreen_Generation = YES;
				INFOPLIST_KEY_UISupportedInterfaceOrientations_iPad = "UIInterfaceOrientationPortrait UIInterfaceOrientationPortraitUpsideDown UIInterfaceOrientationLandscapeLeft UIInterfaceOrientationLandscapeRight";
				INFOPLIST_KEY_UISupportedInterfaceOrientations_iPhone = "UIInterfaceOrientationPortrait UIInterfaceOrientationLandscapeLeft UIInterfaceOrientationLandscapeRight";
				IPHONEOS_DEPLOYMENT_TARGET = 17.0;
				LD_RUNPATH_SEARCH_PATHS = (
					"$(inherited)",
					"@executable_path/Frameworks",
				);
				MARKETING_VERSION = 1.0;
				PRODUCT_BUNDLE_IDENTIFIER = "com.bo-jiang-StudyAI";
				PRODUCT_NAME = "$(TARGET_NAME)";
				STRING_CATALOG_GENERATE_SYMBOLS = YES;
				SWIFT_APPROACHABLE_CONCURRENCY = YES;
				SWIFT_DEFAULT_ACTOR_ISOLATION = MainActor;
				SWIFT_EMIT_LOC_STRINGS = YES;
				SWIFT_UPCOMING_FEATURE_MEMBER_IMPORT_VISIBILITY = YES;
				SWIFT_VERSION = 5.0;
				TARGETED_DEVICE_FAMILY = "1,2";
			};
			name = Release;
		};
		7B9EC4922E61663E005E4BFB /* Debug */ = {
			isa = XCBuildConfiguration;
			buildSettings = {
				BUNDLE_LOADER = "$(TEST_HOST)";
				CODE_SIGN_STYLE = Automatic;
				CURRENT_PROJECT_VERSION = 1;
				DEVELOPMENT_TEAM = 67ZCWLHZMX;
				GENERATE_INFOPLIST_FILE = YES;
				IPHONEOS_DEPLOYMENT_TARGET = 17.0;
				MARKETING_VERSION = 1.0;
				PRODUCT_BUNDLE_IDENTIFIER = com.StudyAITests;
				PRODUCT_NAME = "$(TARGET_NAME)";
				STRING_CATALOG_GENERATE_SYMBOLS = NO;
				SWIFT_APPROACHABLE_CONCURRENCY = YES;
				SWIFT_EMIT_LOC_STRINGS = NO;
				SWIFT_UPCOMING_FEATURE_MEMBER_IMPORT_VISIBILITY = YES;
				SWIFT_VERSION = 5.0;
				TARGETED_DEVICE_FAMILY = "1,2";
				TEST_HOST = "$(BUILT_PRODUCTS_DIR)/StudyAI.app/$(BUNDLE_EXECUTABLE_FOLDER_PATH)/StudyAI";
			};
			name = Debug;
		};
		7B9EC4932E61663E005E4BFB /* Release */ = {
			isa = XCBuildConfiguration;
			buildSettings = {
				BUNDLE_LOADER = "$(TEST_HOST)";
				CODE_SIGN_STYLE = Automatic;
				CURRENT_PROJECT_VERSION = 1;
				DEVELOPMENT_TEAM = 67ZCWLHZMX;
				GENERATE_INFOPLIST_FILE = YES;
				IPHONEOS_DEPLOYMENT_TARGET = 17.0;
				MARKETING_VERSION = 1.0;
				PRODUCT_BUNDLE_IDENTIFIER = com.StudyAITests;
				PRODUCT_NAME = "$(TARGET_NAME)";
				STRING_CATALOG_GENERATE_SYMBOLS = NO;
				SWIFT_APPROACHABLE_CONCURRENCY = YES;
				SWIFT_EMIT_LOC_STRINGS = NO;
				SWIFT_UPCOMING_FEATURE_MEMBER_IMPORT_VISIBILITY = YES;
				SWIFT_VERSION = 5.0;
				TARGETED_DEVICE_FAMILY = "1,2";
				TEST_HOST = "$(BUILT_PRODUCTS_DIR)/StudyAI.app/$(BUNDLE_EXECUTABLE_FOLDER_PATH)/StudyAI";
			};
			name = Release;
		};
		7B9EC4952E61663E005E4BFB /* Debug */ = {
			isa = XCBuildConfiguration;
			buildSettings = {
				CODE_SIGN_STYLE = Automatic;
				CURRENT_PROJECT_VERSION = 1;
				DEVELOPMENT_TEAM = 67ZCWLHZMX;
				GENERATE_INFOPLIST_FILE = YES;
				MARKETING_VERSION = 1.0;
				PRODUCT_BUNDLE_IDENTIFIER = com.StudyAIUITests;
				PRODUCT_NAME = "$(TARGET_NAME)";
				STRING_CATALOG_GENERATE_SYMBOLS = NO;
				SWIFT_APPROACHABLE_CONCURRENCY = YES;
				SWIFT_EMIT_LOC_STRINGS = NO;
				SWIFT_UPCOMING_FEATURE_MEMBER_IMPORT_VISIBILITY = YES;
				SWIFT_VERSION = 5.0;
				TARGETED_DEVICE_FAMILY = "1,2";
				TEST_TARGET_NAME = StudyAI;
			};
			name = Debug;
		};
		7B9EC4962E61663E005E4BFB /* Release */ = {
			isa = XCBuildConfiguration;
			buildSettings = {
				CODE_SIGN_STYLE = Automatic;
				CURRENT_PROJECT_VERSION = 1;
				DEVELOPMENT_TEAM = 67ZCWLHZMX;
				GENERATE_INFOPLIST_FILE = YES;
				MARKETING_VERSION = 1.0;
				PRODUCT_BUNDLE_IDENTIFIER = com.StudyAIUITests;
				PRODUCT_NAME = "$(TARGET_NAME)";
				STRING_CATALOG_GENERATE_SYMBOLS = NO;
				SWIFT_APPROACHABLE_CONCURRENCY = YES;
				SWIFT_EMIT_LOC_STRINGS = NO;
				SWIFT_UPCOMING_FEATURE_MEMBER_IMPORT_VISIBILITY = YES;
				SWIFT_VERSION = 5.0;
				TARGETED_DEVICE_FAMILY = "1,2";
				TEST_TARGET_NAME = StudyAI;
			};
			name = Release;
		};
/* End XCBuildConfiguration section */

/* Begin XCConfigurationList section */
		7B9EC4682E61663B005E4BFB /* Build configuration list for PBXProject "StudyAI" */ = {
			isa = XCConfigurationList;
			buildConfigurations = (
				7B9EC48C2E61663E005E4BFB /* Debug */,
				7B9EC48D2E61663E005E4BFB /* Release */,
			);
			defaultConfigurationIsVisible = 0;
			defaultConfigurationName = Release;
		};
		7B9EC48E2E61663E005E4BFB /* Build configuration list for PBXNativeTarget "StudyAI" */ = {
			isa = XCConfigurationList;
			buildConfigurations = (
				7B9EC48F2E61663E005E4BFB /* Debug */,
				7B9EC4902E61663E005E4BFB /* Release */,
			);
			defaultConfigurationIsVisible = 0;
			defaultConfigurationName = Release;
		};
		7B9EC4912E61663E005E4BFB /* Build configuration list for PBXNativeTarget "StudyAITests" */ = {
			isa = XCConfigurationList;
			buildConfigurations = (
				7B9EC4922E61663E005E4BFB /* Debug */,
				7B9EC4932E61663E005E4BFB /* Release */,
			);
			defaultConfigurationIsVisible = 0;
			defaultConfigurationName = Release;
		};
		7B9EC4942E61663E005E4BFB /* Build configuration list for PBXNativeTarget "StudyAIUITests" */ = {
			isa = XCConfigurationList;
			buildConfigurations = (
				7B9EC4952E61663E005E4BFB /* Debug */,
				7B9EC4962E61663E005E4BFB /* Release */,
			);
			defaultConfigurationIsVisible = 0;
			defaultConfigurationName = Release;
		};
/* End XCConfigurationList section */

/* Begin XCRemoteSwiftPackageReference section */
		7B02A7232E714A2C00A3C67F /* XCRemoteSwiftPackageReference "GoogleSignIn-iOS" */ = {
			isa = XCRemoteSwiftPackageReference;
			repositoryURL = "https://github.com/google/GoogleSignIn-iOS";
			requirement = {
				kind = upToNextMajorVersion;
				minimumVersion = 9.0.0;
			};
		};
/* End XCRemoteSwiftPackageReference section */

/* Begin XCSwiftPackageProductDependency section */
		7BC00E692E714B68002DF625 /* GoogleSignIn */ = {
			isa = XCSwiftPackageProductDependency;
			package = 7B02A7232E714A2C00A3C67F /* XCRemoteSwiftPackageReference "GoogleSignIn-iOS" */;
			productName = GoogleSignIn;
		};
		7BC00E6B2E714B68002DF625 /* GoogleSignInSwift */ = {
			isa = XCSwiftPackageProductDependency;
			package = 7B02A7232E714A2C00A3C67F /* XCRemoteSwiftPackageReference "GoogleSignIn-iOS" */;
			productName = GoogleSignInSwift;
		};
/* End XCSwiftPackageProductDependency section */
	};
	rootObject = 7B9EC4652E61663B005E4BFB /* Project object */;
}
